
Microsoft Visual Studio Solution File, Format Version 12.00
# Visual Studio Version 17
VisualStudioVersion = 17.4.33110.190
MinimumVisualStudioVersion = 10.0.40219.1
Project("{FAE04EC0-301F-11D3-BF4B-00C04F79EFBC}") = "SendReceive3Rabbit", "SendReceive3Rabbit\SendReceive3Rabbit.csproj", "{1B73F85D-1B6C-4C2A-921A-8BE6A78F124D}"
EndProject
Global
	GlobalSection(SolutionConfigurationPlatforms) = preSolution
		Debug|Any CPU = Debug|Any CPU
		Release|Any CPU = Release|Any CPU
	EndGlobalSection
	GlobalSection(ProjectConfigurationPlatforms) = postSolution
		{1B73F85D-1B6C-4C2A-921A-8BE6A78F124D}.Debug|Any CPU.ActiveCfg = Debug|Any CPU
		{1B73F85D-1B6C-4C2A-921A-8BE6A78F124D}.Debug|Any CPU.Build.0 = Debug|Any CPU
		{1B73F85D-1B6C-4C2A-921A-8BE6A78F124D}.Release|Any CPU.ActiveCfg = Release|Any CPU
		{1B73F85D-1B6C-4C2A-921A-8BE6A78F124D}.Release|Any CPU.Build.0 = Release|Any CPU
	EndGlobalSection
	GlobalSection(SolutionProperties) = preSolution
		HideSolutionNode = FALSE
	EndGlobalSection
	GlobalSection(ExtensibilityGlobals) = postSolution
		SolutionGuid = {4134127E-F86D-4104-9D4B-7002B6657868}
	EndGlobalSection
EndGlobal
